
Microsoft Visual Studio Solution File, Format Version 12.00
# Visual Studio Version 16
Project("{8BC9CEB8-8B4A-11D0-8D11-00A0C91BC942}") = "ALL_BUILD", "ALL_BUILD.vcxproj", "{6906C117-1114-3F85-863C-9DC5DE2446CF}"
	ProjectSection(ProjectDependencies) = postProject
		{2F81C0EB-4345-3556-97D9-35EA8E67DA5D} = {2F81C0EB-4345-3556-97D9-35EA8E67DA5D}
		{765A776A-9272-3625-A0A5-EB07836E1ABB} = {765A776A-9272-3625-A0A5-EB07836E1ABB}
	EndProjectSection
EndProject
Project("{8BC9CEB8-8B4A-11D0-8D11-00A0C91BC942}") = "FFNN_pymodule", "FFNN_pymodule.vcxproj", "{2F81C0EB-4345-3556-97D9-35EA8E67DA5D}"
	ProjectSection(ProjectDependencies) = postProject
		{765A776A-9272-3625-A0A5-EB07836E1ABB} = {765A776A-9272-3625-A0A5-EB07836E1ABB}
	EndProjectSection
EndProject
Project("{8BC9CEB8-8B4A-11D0-8D11-00A0C91BC942}") = "ZERO_CHECK", "ZERO_CHECK.vcxproj", "{765A776A-9272-3625-A0A5-EB07836E1ABB}"
	ProjectSection(ProjectDependencies) = postProject
	EndProjectSection
EndProject
Global
	GlobalSection(SolutionConfigurationPlatforms) = preSolution
		Debug|x64 = Debug|x64
		Release|x64 = Release|x64
		MinSizeRel|x64 = MinSizeRel|x64
		RelWithDebInfo|x64 = RelWithDebInfo|x64
	EndGlobalSection
	GlobalSection(ProjectConfigurationPlatforms) = postSolution
		{6906C117-1114-3F85-863C-9DC5DE2446CF}.Debug|x64.ActiveCfg = Debug|x64
		{6906C117-1114-3F85-863C-9DC5DE2446CF}.Release|x64.ActiveCfg = Release|x64
		{6906C117-1114-3F85-863C-9DC5DE2446CF}.MinSizeRel|x64.ActiveCfg = MinSizeRel|x64
		{6906C117-1114-3F85-863C-9DC5DE2446CF}.RelWithDebInfo|x64.ActiveCfg = RelWithDebInfo|x64
		{2F81C0EB-4345-3556-97D9-35EA8E67DA5D}.Debug|x64.ActiveCfg = Debug|x64
		{2F81C0EB-4345-3556-97D9-35EA8E67DA5D}.Debug|x64.Build.0 = Debug|x64
		{2F81C0EB-4345-3556-97D9-35EA8E67DA5D}.Release|x64.ActiveCfg = Release|x64
		{2F81C0EB-4345-3556-97D9-35EA8E67DA5D}.Release|x64.Build.0 = Release|x64
		{2F81C0EB-4345-3556-97D9-35EA8E67DA5D}.MinSizeRel|x64.ActiveCfg = MinSizeRel|x64
		{2F81C0EB-4345-3556-97D9-35EA8E67DA5D}.MinSizeRel|x64.Build.0 = MinSizeRel|x64
		{2F81C0EB-4345-3556-97D9-35EA8E67DA5D}.RelWithDebInfo|x64.ActiveCfg = RelWithDebInfo|x64
		{2F81C0EB-4345-3556-97D9-35EA8E67DA5D}.RelWithDebInfo|x64.Build.0 = RelWithDebInfo|x64
		{765A776A-9272-3625-A0A5-EB07836E1ABB}.Debug|x64.ActiveCfg = Debug|x64
		{765A776A-9272-3625-A0A5-EB07836E1ABB}.Debug|x64.Build.0 = Debug|x64
		{765A776A-9272-3625-A0A5-EB07836E1ABB}.Release|x64.ActiveCfg = Release|x64
		{765A776A-9272-3625-A0A5-EB07836E1ABB}.Release|x64.Build.0 = Release|x64
		{765A776A-9272-3625-A0A5-EB07836E1ABB}.MinSizeRel|x64.ActiveCfg = MinSizeRel|x64
		{765A776A-9272-3625-A0A5-EB07836E1ABB}.MinSizeRel|x64.Build.0 = MinSizeRel|x64
		{765A776A-9272-3625-A0A5-EB07836E1ABB}.RelWithDebInfo|x64.ActiveCfg = RelWithDebInfo|x64
		{765A776A-9272-3625-A0A5-EB07836E1ABB}.RelWithDebInfo|x64.Build.0 = RelWithDebInfo|x64
	EndGlobalSection
	GlobalSection(ExtensibilityGlobals) = postSolution
		SolutionGuid = {893A15D9-9249-317D-8100-2DCD4138D465}
	EndGlobalSection
	GlobalSection(ExtensibilityAddIns) = postSolution
	EndGlobalSection
EndGlobal
